
Microsoft Visual Studio Solution File, Format Version 12.00
# Visual Studio Version 17
VisualStudioVersion = 17.2.32519.379
MinimumVisualStudioVersion = 10.0.40219.1
Project("{FAE04EC0-301F-11D3-BF4B-00C04F79EFBC}") = "Heads x Hands", "Heads x Hands.csproj", "{52DD8A30-DE27-49E4-A008-8E4F8885D259}"
EndProject
Global
	GlobalSection(SolutionConfigurationPlatforms) = preSolution
		Debug|Any CPU = Debug|Any CPU
		Release|Any CPU = Release|Any CPU
	EndGlobalSection
	GlobalSection(ProjectConfigurationPlatforms) = postSolution
		{52DD8A30-DE27-49E4-A008-8E4F8885D259}.Debug|Any CPU.ActiveCfg = Debug|Any CPU
		{52DD8A30-DE27-49E4-A008-8E4F8885D259}.Debug|Any CPU.Build.0 = Debug|Any CPU
		{52DD8A30-DE27-49E4-A008-8E4F8885D259}.Release|Any CPU.ActiveCfg = Release|Any CPU
		{52DD8A30-DE27-49E4-A008-8E4F8885D259}.Release|Any CPU.Build.0 = Release|Any CPU
	EndGlobalSection
	GlobalSection(SolutionProperties) = preSolution
		HideSolutionNode = FALSE
	EndGlobalSection
	GlobalSection(ExtensibilityGlobals) = postSolution
		SolutionGuid = {A4316B54-D088-4922-9715-D51B618D529C}
	EndGlobalSection
EndGlobal
